{
  "name": "@artixcore/ants",
  "version": "0.1.0",
  "lockfileVersion": 3,
  "requires": true,
  "packages": {
    "": {
      "name": "@artixcore/ants",
      "version": "0.1.0",
      "license": "SEE LICENSE IN LICENSE",
      "bin": {
        "ants": "src/cli.js"
      },
      "engines": {
        "node": ">=20.0.0"
      }
    }
  }
}
